
Microsoft Visual Studio Solution File, Format Version 12.00
# Visual Studio Version 17
VisualStudioVersion = 17.11.35327.3
MinimumVisualStudioVersion = 10.0.40219.1
Project("{FAE04EC0-301F-11D3-BF4B-00C04F79EFBC}") = "Blog.Entity", "Blog.Entity\Blog.Entity.csproj", "{131D5285-B610-4381-9E77-6DD66D0C2253}"
EndProject
Project("{FAE04EC0-301F-11D3-BF4B-00C04F79EFBC}") = "Blog.Data", "Blog.Data\Blog.Data.csproj", "{D7DFC302-3EDF-4120-AA50-0930E4EED1D2}"
EndProject
Project("{FAE04EC0-301F-11D3-BF4B-00C04F79EFBC}") = "Blog.Service", "Blog.Service\Blog.Service.csproj", "{A0F9C282-D4F2-42E1-9337-BC8EF1C27CA9}"
EndProject
Project("{FAE04EC0-301F-11D3-BF4B-00C04F79EFBC}") = "Blog.Core", "Blog.Core\Blog.Core.csproj", "{3AFD198C-5078-4F71-B7BE-AC953BC4BF37}"
EndProject
Project("{FAE04EC0-301F-11D3-BF4B-00C04F79EFBC}") = "Blog.Web", "Blog.Web\Blog.Web.csproj", "{A05CF4A4-0076-43CC-B66A-EAB8E280354B}"
EndProject
Global
	GlobalSection(SolutionConfigurationPlatforms) = preSolution
		Debug|Any CPU = Debug|Any CPU
		Release|Any CPU = Release|Any CPU
	EndGlobalSection
	GlobalSection(ProjectConfigurationPlatforms) = postSolution
		{131D5285-B610-4381-9E77-6DD66D0C2253}.Debug|Any CPU.ActiveCfg = Debug|Any CPU
		{131D5285-B610-4381-9E77-6DD66D0C2253}.Debug|Any CPU.Build.0 = Debug|Any CPU
		{131D5285-B610-4381-9E77-6DD66D0C2253}.Release|Any CPU.ActiveCfg = Release|Any CPU
		{131D5285-B610-4381-9E77-6DD66D0C2253}.Release|Any CPU.Build.0 = Release|Any CPU
		{D7DFC302-3EDF-4120-AA50-0930E4EED1D2}.Debug|Any CPU.ActiveCfg = Debug|Any CPU
		{D7DFC302-3EDF-4120-AA50-0930E4EED1D2}.Debug|Any CPU.Build.0 = Debug|Any CPU
		{D7DFC302-3EDF-4120-AA50-0930E4EED1D2}.Release|Any CPU.ActiveCfg = Release|Any CPU
		{D7DFC302-3EDF-4120-AA50-0930E4EED1D2}.Release|Any CPU.Build.0 = Release|Any CPU
		{A0F9C282-D4F2-42E1-9337-BC8EF1C27CA9}.Debug|Any CPU.ActiveCfg = Debug|Any CPU
		{A0F9C282-D4F2-42E1-9337-BC8EF1C27CA9}.Debug|Any CPU.Build.0 = Debug|Any CPU
		{A0F9C282-D4F2-42E1-9337-BC8EF1C27CA9}.Release|Any CPU.ActiveCfg = Release|Any CPU
		{A0F9C282-D4F2-42E1-9337-BC8EF1C27CA9}.Release|Any CPU.Build.0 = Release|Any CPU
		{3AFD198C-5078-4F71-B7BE-AC953BC4BF37}.Debug|Any CPU.ActiveCfg = Debug|Any CPU
		{3AFD198C-5078-4F71-B7BE-AC953BC4BF37}.Debug|Any CPU.Build.0 = Debug|Any CPU
		{3AFD198C-5078-4F71-B7BE-AC953BC4BF37}.Release|Any CPU.ActiveCfg = Release|Any CPU
		{3AFD198C-5078-4F71-B7BE-AC953BC4BF37}.Release|Any CPU.Build.0 = Release|Any CPU
		{A05CF4A4-0076-43CC-B66A-EAB8E280354B}.Debug|Any CPU.ActiveCfg = Debug|Any CPU
		{A05CF4A4-0076-43CC-B66A-EAB8E280354B}.Debug|Any CPU.Build.0 = Debug|Any CPU
		{A05CF4A4-0076-43CC-B66A-EAB8E280354B}.Release|Any CPU.ActiveCfg = Release|Any CPU
		{A05CF4A4-0076-43CC-B66A-EAB8E280354B}.Release|Any CPU.Build.0 = Release|Any CPU
	EndGlobalSection
	GlobalSection(SolutionProperties) = preSolution
		HideSolutionNode = FALSE
	EndGlobalSection
	GlobalSection(ExtensibilityGlobals) = postSolution
		SolutionGuid = {52AF4658-CF3F-49FF-B336-9E630FEA1EB1}
	EndGlobalSection
EndGlobal
